
Microsoft Visual Studio Solution File, Format Version 12.00
# Visual Studio Version 16
VisualStudioVersion = 16.0.32228.343
MinimumVisualStudioVersion = 10.0.40219.1
Project("{FAE04EC0-301F-11D3-BF4B-00C04F79EFBC}") = "RealCalculator", "Homework 1\RealCalculator.csproj", "{81FE7E63-B92D-466F-A39B-F051850FC8C3}"
EndProject
Project("{FAE04EC0-301F-11D3-BF4B-00C04F79EFBC}") = "AverageNumber", "Exercise-2\AverageNumber.csproj", "{303698C8-F978-449F-8DAD-7B357431F9D5}"
EndProject
Project("{FAE04EC0-301F-11D3-BF4B-00C04F79EFBC}") = "SwapNumbers", "SwapNumbers\SwapNumbers.csproj", "{F1E612B7-D697-4EAB-BB23-B353565625FF}"
EndProject
Global
	GlobalSection(SolutionConfigurationPlatforms) = preSolution
		Debug|Any CPU = Debug|Any CPU
		Release|Any CPU = Release|Any CPU
	EndGlobalSection
	GlobalSection(ProjectConfigurationPlatforms) = postSolution
		{81FE7E63-B92D-466F-A39B-F051850FC8C3}.Debug|Any CPU.ActiveCfg = Debug|Any CPU
		{81FE7E63-B92D-466F-A39B-F051850FC8C3}.Debug|Any CPU.Build.0 = Debug|Any CPU
		{81FE7E63-B92D-466F-A39B-F051850FC8C3}.Release|Any CPU.ActiveCfg = Release|Any CPU
		{81FE7E63-B92D-466F-A39B-F051850FC8C3}.Release|Any CPU.Build.0 = Release|Any CPU
		{303698C8-F978-449F-8DAD-7B357431F9D5}.Debug|Any CPU.ActiveCfg = Debug|Any CPU
		{303698C8-F978-449F-8DAD-7B357431F9D5}.Debug|Any CPU.Build.0 = Debug|Any CPU
		{303698C8-F978-449F-8DAD-7B357431F9D5}.Release|Any CPU.ActiveCfg = Release|Any CPU
		{303698C8-F978-449F-8DAD-7B357431F9D5}.Release|Any CPU.Build.0 = Release|Any CPU
		{F1E612B7-D697-4EAB-BB23-B353565625FF}.Debug|Any CPU.ActiveCfg = Debug|Any CPU
		{F1E612B7-D697-4EAB-BB23-B353565625FF}.Debug|Any CPU.Build.0 = Debug|Any CPU
		{F1E612B7-D697-4EAB-BB23-B353565625FF}.Release|Any CPU.ActiveCfg = Release|Any CPU
		{F1E612B7-D697-4EAB-BB23-B353565625FF}.Release|Any CPU.Build.0 = Release|Any CPU
	EndGlobalSection
	GlobalSection(SolutionProperties) = preSolution
		HideSolutionNode = FALSE
	EndGlobalSection
	GlobalSection(ExtensibilityGlobals) = postSolution
		SolutionGuid = {3F002A19-5D4E-4BBF-A673-ECFF3AD5E03B}
	EndGlobalSection
EndGlobal
